
Microsoft Visual Studio Solution File, Format Version 12.00
# Visual Studio 15
VisualStudioVersion = 15.0.27703.2026
MinimumVisualStudioVersion = 10.0.40219.1
Project("{9A19103F-16F7-4668-BE54-9A1E7A4F7556}") = "Tracking.Web", "Tracking.Web\Tracking.Web.csproj", "{A7453CDD-4857-4372-BDF1-FDC2B6AAEA95}"
EndProject
Project("{FAE04EC0-301F-11D3-BF4B-00C04F79EFBC}") = "Tracking.DbInitialize", "Tracking.DbInitialize\Tracking.DbInitialize.csproj", "{DB1DD078-16BB-480B-AE94-083B68FF3E98}"
	ProjectSection(ProjectDependencies) = postProject
		{A7453CDD-4857-4372-BDF1-FDC2B6AAEA95} = {A7453CDD-4857-4372-BDF1-FDC2B6AAEA95}
	EndProjectSection
EndProject
Global
	GlobalSection(SolutionConfigurationPlatforms) = preSolution
		Debug|Any CPU = Debug|Any CPU
		Release|Any CPU = Release|Any CPU
	EndGlobalSection
	GlobalSection(ProjectConfigurationPlatforms) = postSolution
		{A7453CDD-4857-4372-BDF1-FDC2B6AAEA95}.Debug|Any CPU.ActiveCfg = Debug|Any CPU
		{A7453CDD-4857-4372-BDF1-FDC2B6AAEA95}.Debug|Any CPU.Build.0 = Debug|Any CPU
		{A7453CDD-4857-4372-BDF1-FDC2B6AAEA95}.Release|Any CPU.ActiveCfg = Release|Any CPU
		{A7453CDD-4857-4372-BDF1-FDC2B6AAEA95}.Release|Any CPU.Build.0 = Release|Any CPU
		{DB1DD078-16BB-480B-AE94-083B68FF3E98}.Debug|Any CPU.ActiveCfg = Debug|Any CPU
		{DB1DD078-16BB-480B-AE94-083B68FF3E98}.Debug|Any CPU.Build.0 = Debug|Any CPU
		{DB1DD078-16BB-480B-AE94-083B68FF3E98}.Release|Any CPU.ActiveCfg = Release|Any CPU
		{DB1DD078-16BB-480B-AE94-083B68FF3E98}.Release|Any CPU.Build.0 = Release|Any CPU
	EndGlobalSection
	GlobalSection(SolutionProperties) = preSolution
		HideSolutionNode = FALSE
	EndGlobalSection
	GlobalSection(ExtensibilityGlobals) = postSolution
		SolutionGuid = {17C1B193-E14C-4AF7-AFA8-8F2BF7BEAF11}
	EndGlobalSection
EndGlobal
